{
  "version": 4,
  "terraform_version": "1.5.3",
  "serial": 26,
  "lineage": "0835112b-64d8-fab9-15d6-377cbd1f0a85",
  "outputs": {},
  "resources": [
    {
      "module": "module.cluster_module",
      "mode": "managed",
      "type": "aws_eks_cluster",
      "name": "eks",
      "provider": "provider[\"registry.terraform.io/hashicorp/aws\"]",
      "instances": [
        {
          "schema_version": 0,
          "attributes": {
            "arn": "arn:aws:eks:us-east-1:591036564441:cluster/eks",
            "certificate_authority": [
              {
                "data": "LS0tLS1CRUdJTiBDRVJUSUZJQ0FURS0tLS0tCk1JSUMvakNDQWVhZ0F3SUJBZ0lCQURBTkJna3Foa2lHOXcwQkFRc0ZBREFWTVJNd0VRWURWUVFERXdwcmRXSmwKY201bGRHVnpNQjRYRFRJek1EY3lNVEl6TWpneE5sb1hEVE16TURjeE9ESXpNamd4Tmxvd0ZURVRNQkVHQTFVRQpBeE1LYTNWaVpYSnVaWFJsY3pDQ0FTSXdEUVlKS29aSWh2Y05BUUVCQlFBRGdnRVBBRENDQVFvQ2dnRUJBSzN3CktlTzdOUHErR0k4RGRwWkJZQjdSTzh0KzhTaktNYThUQU01Z0s3YmVaei9GOTA5SUcwbDJrNTRqWTd6cjFOZGIKdkc2SVh3K0doYUdDaGt0K2lkc21FbFB2czBRYWJhdUVFbTNQa0ExNnlrTUpqTnYzU01rcHUrVXk1eGRXNEpZSQpudW1nY3BEQ0lqSUxBR1M2M29RNTBWamExSnpqTGlqNHVzYW9Tbkw4T1FSRUFQUyt6UGN1cGNMcGZLS0hxeGNJCkZBdDIvQWVKc09DY3BvNEhDVG1TK0hTNVhHZXpiYzZyNUNaSDVTMG43MUEvN0xNUlplUWNJNVgxcEhxSHdPdnAKQWx1cjNNWTA4MDRCZFNqdFpGbFR1QzdMRUp6TUw4Qktmc0NSQVpOVlFGTUQvWGRsZEprbWdodmJFYThXSlBwQQpneVJ0djNCTEtEek9wYlY1bEpFQ0F3RUFBYU5aTUZjd0RnWURWUjBQQVFIL0JBUURBZ0trTUE4R0ExVWRFd0VCCi93UUZNQU1CQWY4d0hRWURWUjBPQkJZRUZDUTRsOGNWclhpNzcva2wyUzFzTGxZL3JEN0VNQlVHQTFVZEVRUU8KTUF5Q0NtdDFZbVZ5Ym1WMFpYTXdEUVlKS29aSWh2Y05BUUVMQlFBRGdnRUJBSG5VWGRNb2FiSnZsUVAySjRqZQp1a1NQNkl2cCt5Z25OWSs4UXIyYmkvTnQxWktsaktLQXJ4OGtaV1MwNFNVdGszK0FsUU5RV2xwWURYZmdQQTFMCmJ3d1hLWlFSZlhXaWc3WjNvU0tqUmVabFVRWUxHZjhHTlpvYzFhNTMveElvem9GWnF1WStQV2ZNT1RCTE5JOHEKbFg0eWEyTTJSZVl5ZVNlRG51a0h5bkdYQUlNOHFaYm1VYjJ3aW1yVklJV2diL3RwYlJTMHg4YnJ4ZEtVY25QQQpJZHpaQVR0Sjl2azNHYWdweDdwMlM1SWQvaHluTVZlbU82YnJ4SDlteSs4aHVDeklFMjhWQnM0N3drQ0Z3bnBmCkNGYjUxTlVxSXI5YXBTRlkrMWl4eHhTMmttK0kxOW9ncU5lUElPQkQ3OWludytKbm8xTWRvcFBtYXliam5Xck8KMmRRPQotLS0tLUVORCBDRVJUSUZJQ0FURS0tLS0tCg=="
              }
            ],
            "created_at": "2023-07-21 23:22:42.441 +0000 UTC",
            "enabled_cluster_log_types": null,
            "encryption_config": [],
            "endpoint": "https://8EC5D1EF7844E8AFE5E67A63E5E633B0.yl4.us-east-1.eks.amazonaws.com",
            "id": "eks",
            "identity": [
              {
                "oidc": [
                  {
                    "issuer": "https://oidc.eks.us-east-1.amazonaws.com/id/8EC5D1EF7844E8AFE5E67A63E5E633B0"
                  }
                ]
              }
            ],
            "name": "eks",
            "platform_version": "eks.8",
            "role_arn": "arn:aws:iam::591036564441:role/eks-cluster",
            "status": "ACTIVE",
            "tags": null,
            "timeouts": null,
            "version": "1.24",
            "vpc_config": [
              {
                "cluster_security_group_id": "sg-08cd5d39af2320996",
                "endpoint_private_access": true,
                "endpoint_public_access": true,
                "public_access_cidrs": [
                  "0.0.0.0/0"
                ],
                "security_group_ids": null,
                "subnet_ids": [
                  "subnet-00538518ba4a61670",
                  "subnet-035286b6e22704932",
                  "subnet-07ee0a40ba487d2ef",
                  "subnet-0c6288b22c6e9c6f9"
                ],
                "vpc_id": "vpc-0114f7b2a523eaded"
              }
            ]
          },
          "sensitive_attributes": [],
          "private": "eyJlMmJmYjczMC1lY2FhLTExZTYtOGY4OC0zNDM2M2JjN2M0YzAiOnsiY3JlYXRlIjoxODAwMDAwMDAwMDAwLCJkZWxldGUiOjkwMDAwMDAwMDAwMCwidXBkYXRlIjozNjAwMDAwMDAwMDAwfX0=",
          "dependencies": [
            "module.cluster_module.aws_iam_role.eks_cluster",
            "module.cluster_module.aws_iam_role_policy_attachment.amazon_eks_cluster_policy",
            "module.network_module.aws_subnet.private_us_east_1a",
            "module.network_module.aws_subnet.private_us_east_1b",
            "module.network_module.aws_subnet.public_us_east_1a",
            "module.network_module.aws_subnet.public_us_east_1b",
            "module.network_module.aws_vpc.main"
          ]
        }
      ]
    },
    {
      "module": "module.cluster_module",
      "mode": "managed",
      "type": "aws_eks_node_group",
      "name": "nodes_general",
      "provider": "provider[\"registry.terraform.io/hashicorp/aws\"]",
      "instances": [
        {
          "schema_version": 0,
          "attributes": {
            "ami_type": "AL2_x86_64",
            "arn": "arn:aws:eks:us-east-1:591036564441:nodegroup/eks/nodes-general/38c4bd65-d0ae-b929-ef13-1fa6b0f897bd",
            "cluster_name": "eks",
            "disk_size": 20,
            "force_update_version": false,
            "id": "eks:nodes-general",
            "instance_types": [
              "t3.small"
            ],
            "labels": {
              "role": "nodes-general"
            },
            "launch_template": [],
            "node_group_name": "nodes-general",
            "node_role_arn": "arn:aws:iam::591036564441:role/eks-node-group-general",
            "release_version": "1.24.15-20230711",
            "remote_access": [],
            "resources": [
              {
                "autoscaling_groups": [
                  {
                    "name": "eks-nodes-general-38c4bd65-d0ae-b929-ef13-1fa6b0f897bd"
                  }
                ],
                "remote_access_security_group_id": ""
              }
            ],
            "scaling_config": [
              {
                "desired_size": 1,
                "max_size": 1,
                "min_size": 1
              }
            ],
            "status": "ACTIVE",
            "subnet_ids": [
              "subnet-07ee0a40ba487d2ef",
              "subnet-0c6288b22c6e9c6f9"
            ],
            "tags": null,
            "timeouts": null,
            "version": "1.24"
          },
          "sensitive_attributes": [],
          "private": "eyJlMmJmYjczMC1lY2FhLTExZTYtOGY4OC0zNDM2M2JjN2M0YzAiOnsiY3JlYXRlIjozNjAwMDAwMDAwMDAwLCJkZWxldGUiOjM2MDAwMDAwMDAwMDAsInVwZGF0ZSI6MzYwMDAwMDAwMDAwMH19",
          "dependencies": [
            "module.cluster_module.aws_eks_cluster.eks",
            "module.cluster_module.aws_iam_role.eks_cluster",
            "module.cluster_module.aws_iam_role.nodes_general",
            "module.cluster_module.aws_iam_role_policy_attachment.amazon_ec2_container_registry_read_only",
            "module.cluster_module.aws_iam_role_policy_attachment.amazon_eks_cluster_policy",
            "module.cluster_module.aws_iam_role_policy_attachment.amazon_eks_cni_policy_general",
            "module.cluster_module.aws_iam_role_policy_attachment.amazon_eks_worker_node_policy_general",
            "module.network_module.aws_subnet.private_us_east_1a",
            "module.network_module.aws_subnet.private_us_east_1b",
            "module.network_module.aws_subnet.public_us_east_1a",
            "module.network_module.aws_subnet.public_us_east_1b",
            "module.network_module.aws_vpc.main"
          ]
        }
      ]
    },
    {
      "module": "module.cluster_module",
      "mode": "managed",
      "type": "aws_iam_role",
      "name": "eks_cluster",
      "provider": "provider[\"registry.terraform.io/hashicorp/aws\"]",
      "instances": [
        {
          "schema_version": 0,
          "attributes": {
            "arn": "arn:aws:iam::591036564441:role/eks-cluster",
            "assume_role_policy": "{\"Version\":\"2012-10-17\",\"Statement\":[{\"Effect\":\"Allow\",\"Principal\":{\"Service\":\"eks.amazonaws.com\"},\"Action\":\"sts:AssumeRole\"}]}",
            "create_date": "2023-07-21T23:22:29Z",
            "description": "",
            "force_detach_policies": false,
            "id": "eks-cluster",
            "max_session_duration": 3600,
            "name": "eks-cluster",
            "name_prefix": null,
            "path": "/",
            "permissions_boundary": null,
            "tags": null,
            "unique_id": "AROAYTHEGIPMYP4WOXZHQ"
          },
          "sensitive_attributes": [],
          "private": "bnVsbA=="
        }
      ]
    },
    {
      "module": "module.cluster_module",
      "mode": "managed",
      "type": "aws_iam_role",
      "name": "nodes_general",
      "provider": "provider[\"registry.terraform.io/hashicorp/aws\"]",
      "instances": [
        {
          "schema_version": 0,
          "attributes": {
            "arn": "arn:aws:iam::591036564441:role/eks-node-group-general",
            "assume_role_policy": "{\"Version\":\"2012-10-17\",\"Statement\":[{\"Effect\":\"Allow\",\"Principal\":{\"Service\":\"ec2.amazonaws.com\"},\"Action\":\"sts:AssumeRole\"}]}",
            "create_date": "2023-07-21T23:22:29Z",
            "description": "",
            "force_detach_policies": false,
            "id": "eks-node-group-general",
            "max_session_duration": 3600,
            "name": "eks-node-group-general",
            "name_prefix": null,
            "path": "/",
            "permissions_boundary": null,
            "tags": null,
            "unique_id": "AROAYTHEGIPM2TCHFGX4T"
          },
          "sensitive_attributes": [],
          "private": "bnVsbA=="
        }
      ]
    },
    {
      "module": "module.cluster_module",
      "mode": "managed",
      "type": "aws_iam_role_policy_attachment",
      "name": "amazon_ec2_container_registry_read_only",
      "provider": "provider[\"registry.terraform.io/hashicorp/aws\"]",
      "instances": [
        {
          "schema_version": 0,
          "attributes": {
            "id": "eks-node-group-general-20230721232213332500000003",
            "policy_arn": "arn:aws:iam::aws:policy/AmazonEC2ContainerRegistryReadOnly",
            "role": "eks-node-group-general"
          },
          "sensitive_attributes": [],
          "private": "bnVsbA==",
          "dependencies": [
            "module.cluster_module.aws_iam_role.nodes_general"
          ]
        }
      ]
    },
    {
      "module": "module.cluster_module",
      "mode": "managed",
      "type": "aws_iam_role_policy_attachment",
      "name": "amazon_eks_cluster_policy",
      "provider": "provider[\"registry.terraform.io/hashicorp/aws\"]",
      "instances": [
        {
          "schema_version": 0,
          "attributes": {
            "id": "eks-cluster-20230721232213377800000004",
            "policy_arn": "arn:aws:iam::aws:policy/AmazonEKSClusterPolicy",
            "role": "eks-cluster"
          },
          "sensitive_attributes": [],
          "private": "bnVsbA==",
          "dependencies": [
            "module.cluster_module.aws_iam_role.eks_cluster"
          ]
        }
      ]
    },
    {
      "module": "module.cluster_module",
      "mode": "managed",
      "type": "aws_iam_role_policy_attachment",
      "name": "amazon_eks_cni_policy_general",
      "provider": "provider[\"registry.terraform.io/hashicorp/aws\"]",
      "instances": [
        {
          "schema_version": 0,
          "attributes": {
            "id": "eks-node-group-general-20230721232213295100000002",
            "policy_arn": "arn:aws:iam::aws:policy/AmazonEKS_CNI_Policy",
            "role": "eks-node-group-general"
          },
          "sensitive_attributes": [],
          "private": "bnVsbA==",
          "dependencies": [
            "module.cluster_module.aws_iam_role.nodes_general"
          ]
        }
      ]
    },
    {
      "module": "module.cluster_module",
      "mode": "managed",
      "type": "aws_iam_role_policy_attachment",
      "name": "amazon_eks_worker_node_policy_general",
      "provider": "provider[\"registry.terraform.io/hashicorp/aws\"]",
      "instances": [
        {
          "schema_version": 0,
          "attributes": {
            "id": "eks-node-group-general-20230721232213253000000001",
            "policy_arn": "arn:aws:iam::aws:policy/AmazonEKSWorkerNodePolicy",
            "role": "eks-node-group-general"
          },
          "sensitive_attributes": [],
          "private": "bnVsbA==",
          "dependencies": [
            "module.cluster_module.aws_iam_role.nodes_general"
          ]
        }
      ]
    },
    {
      "module": "module.network_module",
      "mode": "managed",
      "type": "aws_eip",
      "name": "nat1",
      "provider": "provider[\"registry.terraform.io/hashicorp/aws\"]",
      "instances": [
        {
          "schema_version": 0,
          "attributes": {
            "allocation_id": null,
            "associate_with_private_ip": null,
            "association_id": "",
            "customer_owned_ip": "",
            "customer_owned_ipv4_pool": "",
            "domain": "vpc",
            "id": "eipalloc-0efffdc4462c668f7",
            "instance": "",
            "network_interface": "",
            "private_dns": null,
            "private_ip": "",
            "public_dns": "ec2-3-218-191-254.compute-1.amazonaws.com",
            "public_ip": "3.218.191.254",
            "public_ipv4_pool": "amazon",
            "tags": null,
            "timeouts": null,
            "vpc": true
          },
          "sensitive_attributes": [],
          "private": "eyJlMmJmYjczMC1lY2FhLTExZTYtOGY4OC0zNDM2M2JjN2M0YzAiOnsiZGVsZXRlIjoxODAwMDAwMDAwMDAsInJlYWQiOjkwMDAwMDAwMDAwMCwidXBkYXRlIjozMDAwMDAwMDAwMDB9fQ==",
          "dependencies": [
            "module.network_module.aws_internet_gateway.igw_main",
            "module.network_module.aws_vpc.main"
          ]
        }
      ]
    },
    {
      "module": "module.network_module",
      "mode": "managed",
      "type": "aws_eip",
      "name": "nat2",
      "provider": "provider[\"registry.terraform.io/hashicorp/aws\"]",
      "instances": [
        {
          "schema_version": 0,
          "attributes": {
            "allocation_id": null,
            "associate_with_private_ip": null,
            "association_id": "",
            "customer_owned_ip": "",
            "customer_owned_ipv4_pool": "",
            "domain": "vpc",
            "id": "eipalloc-0d0be0e68148c4ea8",
            "instance": "",
            "network_interface": "",
            "private_dns": null,
            "private_ip": "",
            "public_dns": "ec2-44-217-180-84.compute-1.amazonaws.com",
            "public_ip": "44.217.180.84",
            "public_ipv4_pool": "amazon",
            "tags": null,
            "timeouts": null,
            "vpc": true
          },
          "sensitive_attributes": [],
          "private": "eyJlMmJmYjczMC1lY2FhLTExZTYtOGY4OC0zNDM2M2JjN2M0YzAiOnsiZGVsZXRlIjoxODAwMDAwMDAwMDAsInJlYWQiOjkwMDAwMDAwMDAwMCwidXBkYXRlIjozMDAwMDAwMDAwMDB9fQ==",
          "dependencies": [
            "module.network_module.aws_internet_gateway.igw_main",
            "module.network_module.aws_vpc.main"
          ]
        }
      ]
    },
    {
      "module": "module.network_module",
      "mode": "managed",
      "type": "aws_internet_gateway",
      "name": "igw_main",
      "provider": "provider[\"registry.terraform.io/hashicorp/aws\"]",
      "instances": [
        {
          "schema_version": 0,
          "attributes": {
            "arn": "arn:aws:ec2:us-east-1:591036564441:internet-gateway/igw-0eb59ec0a4d610774",
            "id": "igw-0eb59ec0a4d610774",
            "owner_id": "591036564441",
            "tags": {
              "Name": "igw_main"
            },
            "vpc_id": "vpc-0114f7b2a523eaded"
          },
          "sensitive_attributes": [],
          "private": "bnVsbA==",
          "dependencies": [
            "module.network_module.aws_vpc.main"
          ]
        }
      ]
    },
    {
      "module": "module.network_module",
      "mode": "managed",
      "type": "aws_nat_gateway",
      "name": "nat_gw1",
      "provider": "provider[\"registry.terraform.io/hashicorp/aws\"]",
      "instances": [
        {
          "schema_version": 0,
          "attributes": {
            "allocation_id": "eipalloc-0efffdc4462c668f7",
            "id": "nat-0e3af580a93327289",
            "network_interface_id": "eni-03c8f8b043cb9fddc",
            "private_ip": "10.0.0.230",
            "public_ip": "3.218.191.254",
            "subnet_id": "subnet-00538518ba4a61670",
            "tags": {
              "Name": "gw NAT1"
            }
          },
          "sensitive_attributes": [],
          "private": "bnVsbA==",
          "dependencies": [
            "module.network_module.aws_eip.nat1",
            "module.network_module.aws_internet_gateway.igw_main",
            "module.network_module.aws_subnet.public_us_east_1a",
            "module.network_module.aws_vpc.main"
          ]
        }
      ]
    },
    {
      "module": "module.network_module",
      "mode": "managed",
      "type": "aws_nat_gateway",
      "name": "nat_gw2",
      "provider": "provider[\"registry.terraform.io/hashicorp/aws\"]",
      "instances": [
        {
          "schema_version": 0,
          "attributes": {
            "allocation_id": "eipalloc-0d0be0e68148c4ea8",
            "id": "nat-0b74f07194638572a",
            "network_interface_id": "eni-031a3fc922b2eb03f",
            "private_ip": "10.0.1.65",
            "public_ip": "44.217.180.84",
            "subnet_id": "subnet-035286b6e22704932",
            "tags": {
              "Name": "gw NAT2"
            }
          },
          "sensitive_attributes": [],
          "private": "bnVsbA==",
          "dependencies": [
            "module.network_module.aws_eip.nat2",
            "module.network_module.aws_internet_gateway.igw_main",
            "module.network_module.aws_subnet.public_us_east_1b",
            "module.network_module.aws_vpc.main"
          ]
        }
      ]
    },
    {
      "module": "module.network_module",
      "mode": "managed",
      "type": "aws_route_table",
      "name": "private1_route_table",
      "provider": "provider[\"registry.terraform.io/hashicorp/aws\"]",
      "instances": [
        {
          "schema_version": 0,
          "attributes": {
            "id": "rtb-0dca47101e7fee64e",
            "owner_id": "591036564441",
            "propagating_vgws": [],
            "route": [
              {
                "cidr_block": "0.0.0.0/0",
                "egress_only_gateway_id": "",
                "gateway_id": "",
                "instance_id": "",
                "ipv6_cidr_block": "",
                "local_gateway_id": "",
                "nat_gateway_id": "nat-0e3af580a93327289",
                "network_interface_id": "",
                "transit_gateway_id": "",
                "vpc_peering_connection_id": ""
              }
            ],
            "tags": {
              "Name": "private1_route_table"
            },
            "vpc_id": "vpc-0114f7b2a523eaded"
          },
          "sensitive_attributes": [],
          "private": "bnVsbA==",
          "dependencies": [
            "module.network_module.aws_eip.nat1",
            "module.network_module.aws_internet_gateway.igw_main",
            "module.network_module.aws_nat_gateway.nat_gw1",
            "module.network_module.aws_subnet.public_us_east_1a",
            "module.network_module.aws_vpc.main"
          ]
        }
      ]
    },
    {
      "module": "module.network_module",
      "mode": "managed",
      "type": "aws_route_table",
      "name": "private2_route_table",
      "provider": "provider[\"registry.terraform.io/hashicorp/aws\"]",
      "instances": [
        {
          "schema_version": 0,
          "attributes": {
            "id": "rtb-0d2d1baca11bbea08",
            "owner_id": "591036564441",
            "propagating_vgws": [],
            "route": [
              {
                "cidr_block": "0.0.0.0/0",
                "egress_only_gateway_id": "",
                "gateway_id": "",
                "instance_id": "",
                "ipv6_cidr_block": "",
                "local_gateway_id": "",
                "nat_gateway_id": "nat-0b74f07194638572a",
                "network_interface_id": "",
                "transit_gateway_id": "",
                "vpc_peering_connection_id": ""
              }
            ],
            "tags": {
              "Name": "private2_route_table"
            },
            "vpc_id": "vpc-0114f7b2a523eaded"
          },
          "sensitive_attributes": [],
          "private": "bnVsbA==",
          "dependencies": [
            "module.network_module.aws_eip.nat2",
            "module.network_module.aws_internet_gateway.igw_main",
            "module.network_module.aws_nat_gateway.nat_gw2",
            "module.network_module.aws_subnet.public_us_east_1b",
            "module.network_module.aws_vpc.main"
          ]
        }
      ]
    },
    {
      "module": "module.network_module",
      "mode": "managed",
      "type": "aws_route_table",
      "name": "public_route_table",
      "provider": "provider[\"registry.terraform.io/hashicorp/aws\"]",
      "instances": [
        {
          "schema_version": 0,
          "attributes": {
            "id": "rtb-080622d8e5be4b54a",
            "owner_id": "591036564441",
            "propagating_vgws": [],
            "route": [
              {
                "cidr_block": "0.0.0.0/0",
                "egress_only_gateway_id": "",
                "gateway_id": "igw-0eb59ec0a4d610774",
                "instance_id": "",
                "ipv6_cidr_block": "",
                "local_gateway_id": "",
                "nat_gateway_id": "",
                "network_interface_id": "",
                "transit_gateway_id": "",
                "vpc_peering_connection_id": ""
              }
            ],
            "tags": {
              "Name": "public_route_table"
            },
            "vpc_id": "vpc-0114f7b2a523eaded"
          },
          "sensitive_attributes": [],
          "private": "bnVsbA==",
          "dependencies": [
            "module.network_module.aws_internet_gateway.igw_main",
            "module.network_module.aws_vpc.main"
          ]
        }
      ]
    },
    {
      "module": "module.network_module",
      "mode": "managed",
      "type": "aws_route_table_association",
      "name": "private_route_1a",
      "provider": "provider[\"registry.terraform.io/hashicorp/aws\"]",
      "instances": [
        {
          "schema_version": 0,
          "attributes": {
            "gateway_id": null,
            "id": "rtbassoc-04a44e8514eff8d92",
            "route_table_id": "rtb-0dca47101e7fee64e",
            "subnet_id": "subnet-07ee0a40ba487d2ef"
          },
          "sensitive_attributes": [],
          "private": "bnVsbA==",
          "dependencies": [
            "module.network_module.aws_eip.nat1",
            "module.network_module.aws_internet_gateway.igw_main",
            "module.network_module.aws_nat_gateway.nat_gw1",
            "module.network_module.aws_route_table.private1_route_table",
            "module.network_module.aws_subnet.private_us_east_1a",
            "module.network_module.aws_subnet.public_us_east_1a",
            "module.network_module.aws_vpc.main"
          ]
        }
      ]
    },
    {
      "module": "module.network_module",
      "mode": "managed",
      "type": "aws_route_table_association",
      "name": "private_route_1b",
      "provider": "provider[\"registry.terraform.io/hashicorp/aws\"]",
      "instances": [
        {
          "schema_version": 0,
          "attributes": {
            "gateway_id": null,
            "id": "rtbassoc-07a733e07ed741906",
            "route_table_id": "rtb-0d2d1baca11bbea08",
            "subnet_id": "subnet-0c6288b22c6e9c6f9"
          },
          "sensitive_attributes": [],
          "private": "bnVsbA==",
          "dependencies": [
            "module.network_module.aws_eip.nat2",
            "module.network_module.aws_internet_gateway.igw_main",
            "module.network_module.aws_nat_gateway.nat_gw2",
            "module.network_module.aws_route_table.private2_route_table",
            "module.network_module.aws_subnet.private_us_east_1b",
            "module.network_module.aws_subnet.public_us_east_1b",
            "module.network_module.aws_vpc.main"
          ]
        }
      ]
    },
    {
      "module": "module.network_module",
      "mode": "managed",
      "type": "aws_route_table_association",
      "name": "public_route_1a",
      "provider": "provider[\"registry.terraform.io/hashicorp/aws\"]",
      "instances": [
        {
          "schema_version": 0,
          "attributes": {
            "gateway_id": null,
            "id": "rtbassoc-0e4031b6165d4dc4b",
            "route_table_id": "rtb-080622d8e5be4b54a",
            "subnet_id": "subnet-00538518ba4a61670"
          },
          "sensitive_attributes": [],
          "private": "bnVsbA==",
          "dependencies": [
            "module.network_module.aws_internet_gateway.igw_main",
            "module.network_module.aws_route_table.public_route_table",
            "module.network_module.aws_subnet.public_us_east_1a",
            "module.network_module.aws_vpc.main"
          ]
        }
      ]
    },
    {
      "module": "module.network_module",
      "mode": "managed",
      "type": "aws_route_table_association",
      "name": "public_route_1b",
      "provider": "provider[\"registry.terraform.io/hashicorp/aws\"]",
      "instances": [
        {
          "schema_version": 0,
          "attributes": {
            "gateway_id": null,
            "id": "rtbassoc-09187229550aa7607",
            "route_table_id": "rtb-080622d8e5be4b54a",
            "subnet_id": "subnet-035286b6e22704932"
          },
          "sensitive_attributes": [],
          "private": "bnVsbA==",
          "dependencies": [
            "module.network_module.aws_internet_gateway.igw_main",
            "module.network_module.aws_route_table.public_route_table",
            "module.network_module.aws_subnet.public_us_east_1b",
            "module.network_module.aws_vpc.main"
          ]
        }
      ]
    },
    {
      "module": "module.network_module",
      "mode": "managed",
      "type": "aws_subnet",
      "name": "private_us_east_1a",
      "provider": "provider[\"registry.terraform.io/hashicorp/aws\"]",
      "instances": [
        {
          "schema_version": 1,
          "attributes": {
            "arn": "arn:aws:ec2:us-east-1:591036564441:subnet/subnet-07ee0a40ba487d2ef",
            "assign_ipv6_address_on_creation": false,
            "availability_zone": "us-east-1a",
            "availability_zone_id": "use1-az6",
            "cidr_block": "10.0.2.0/24",
            "id": "subnet-07ee0a40ba487d2ef",
            "ipv6_cidr_block": "",
            "ipv6_cidr_block_association_id": "",
            "map_public_ip_on_launch": false,
            "outpost_arn": "",
            "owner_id": "591036564441",
            "tags": {
              "Name": "private-us-east-1a",
              "kubernetes.io/cluster/eks": "owned",
              "kubernetes.io/role/internal-elb": "1"
            },
            "timeouts": null,
            "vpc_id": "vpc-0114f7b2a523eaded"
          },
          "sensitive_attributes": [],
          "private": "eyJlMmJmYjczMC1lY2FhLTExZTYtOGY4OC0zNDM2M2JjN2M0YzAiOnsiY3JlYXRlIjo2MDAwMDAwMDAwMDAsImRlbGV0ZSI6MTIwMDAwMDAwMDAwMH0sInNjaGVtYV92ZXJzaW9uIjoiMSJ9",
          "dependencies": [
            "module.network_module.aws_vpc.main"
          ]
        }
      ]
    },
    {
      "module": "module.network_module",
      "mode": "managed",
      "type": "aws_subnet",
      "name": "private_us_east_1b",
      "provider": "provider[\"registry.terraform.io/hashicorp/aws\"]",
      "instances": [
        {
          "schema_version": 1,
          "attributes": {
            "arn": "arn:aws:ec2:us-east-1:591036564441:subnet/subnet-0c6288b22c6e9c6f9",
            "assign_ipv6_address_on_creation": false,
            "availability_zone": "us-east-1b",
            "availability_zone_id": "use1-az1",
            "cidr_block": "10.0.3.0/24",
            "id": "subnet-0c6288b22c6e9c6f9",
            "ipv6_cidr_block": "",
            "ipv6_cidr_block_association_id": "",
            "map_public_ip_on_launch": false,
            "outpost_arn": "",
            "owner_id": "591036564441",
            "tags": {
              "Name": "private-us-east-1b",
              "kubernetes.io/cluster/eks": "owned",
              "kubernetes.io/role/internal-elb": "1"
            },
            "timeouts": null,
            "vpc_id": "vpc-0114f7b2a523eaded"
          },
          "sensitive_attributes": [],
          "private": "eyJlMmJmYjczMC1lY2FhLTExZTYtOGY4OC0zNDM2M2JjN2M0YzAiOnsiY3JlYXRlIjo2MDAwMDAwMDAwMDAsImRlbGV0ZSI6MTIwMDAwMDAwMDAwMH0sInNjaGVtYV92ZXJzaW9uIjoiMSJ9",
          "dependencies": [
            "module.network_module.aws_vpc.main"
          ]
        }
      ]
    },
    {
      "module": "module.network_module",
      "mode": "managed",
      "type": "aws_subnet",
      "name": "public_us_east_1a",
      "provider": "provider[\"registry.terraform.io/hashicorp/aws\"]",
      "instances": [
        {
          "schema_version": 1,
          "attributes": {
            "arn": "arn:aws:ec2:us-east-1:591036564441:subnet/subnet-00538518ba4a61670",
            "assign_ipv6_address_on_creation": false,
            "availability_zone": "us-east-1a",
            "availability_zone_id": "use1-az6",
            "cidr_block": "10.0.0.0/24",
            "id": "subnet-00538518ba4a61670",
            "ipv6_cidr_block": "",
            "ipv6_cidr_block_association_id": "",
            "map_public_ip_on_launch": true,
            "outpost_arn": "",
            "owner_id": "591036564441",
            "tags": {
              "Name": "public-us-east-1a",
              "kubernetes.io/cluster/eks": "shared",
              "kubernetes.io/role/elb": "1"
            },
            "timeouts": null,
            "vpc_id": "vpc-0114f7b2a523eaded"
          },
          "sensitive_attributes": [],
          "private": "eyJlMmJmYjczMC1lY2FhLTExZTYtOGY4OC0zNDM2M2JjN2M0YzAiOnsiY3JlYXRlIjo2MDAwMDAwMDAwMDAsImRlbGV0ZSI6MTIwMDAwMDAwMDAwMH0sInNjaGVtYV92ZXJzaW9uIjoiMSJ9",
          "dependencies": [
            "module.network_module.aws_vpc.main"
          ]
        }
      ]
    },
    {
      "module": "module.network_module",
      "mode": "managed",
      "type": "aws_subnet",
      "name": "public_us_east_1b",
      "provider": "provider[\"registry.terraform.io/hashicorp/aws\"]",
      "instances": [
        {
          "schema_version": 1,
          "attributes": {
            "arn": "arn:aws:ec2:us-east-1:591036564441:subnet/subnet-035286b6e22704932",
            "assign_ipv6_address_on_creation": false,
            "availability_zone": "us-east-1b",
            "availability_zone_id": "use1-az1",
            "cidr_block": "10.0.1.0/24",
            "id": "subnet-035286b6e22704932",
            "ipv6_cidr_block": "",
            "ipv6_cidr_block_association_id": "",
            "map_public_ip_on_launch": true,
            "outpost_arn": "",
            "owner_id": "591036564441",
            "tags": {
              "Name": "public-us-east-1b",
              "kubernetes.io/cluster/eks": "shared",
              "kubernetes.io/role/elb": "1"
            },
            "timeouts": null,
            "vpc_id": "vpc-0114f7b2a523eaded"
          },
          "sensitive_attributes": [],
          "private": "eyJlMmJmYjczMC1lY2FhLTExZTYtOGY4OC0zNDM2M2JjN2M0YzAiOnsiY3JlYXRlIjo2MDAwMDAwMDAwMDAsImRlbGV0ZSI6MTIwMDAwMDAwMDAwMH0sInNjaGVtYV92ZXJzaW9uIjoiMSJ9",
          "dependencies": [
            "module.network_module.aws_vpc.main"
          ]
        }
      ]
    },
    {
      "module": "module.network_module",
      "mode": "managed",
      "type": "aws_vpc",
      "name": "main",
      "provider": "provider[\"registry.terraform.io/hashicorp/aws\"]",
      "instances": [
        {
          "schema_version": 1,
          "attributes": {
            "arn": "arn:aws:ec2:us-east-1:591036564441:vpc/vpc-0114f7b2a523eaded",
            "assign_generated_ipv6_cidr_block": false,
            "cidr_block": "10.0.0.0/16",
            "default_network_acl_id": "acl-011e0f27477d154f9",
            "default_route_table_id": "rtb-05bc38dcb7576d2ea",
            "default_security_group_id": "sg-0f6203908e4af6fca",
            "dhcp_options_id": "dopt-0004fa54f8c62bd6c",
            "enable_classiclink": false,
            "enable_classiclink_dns_support": false,
            "enable_dns_hostnames": true,
            "enable_dns_support": true,
            "id": "vpc-0114f7b2a523eaded",
            "instance_tenancy": "default",
            "ipv6_association_id": "",
            "ipv6_cidr_block": "",
            "main_route_table_id": "rtb-05bc38dcb7576d2ea",
            "owner_id": "591036564441",
            "tags": {
              "Name": "main-vpc"
            }
          },
          "sensitive_attributes": [],
          "private": "eyJzY2hlbWFfdmVyc2lvbiI6IjEifQ=="
        }
      ]
    }
  ],
  "check_results": null
}
